
Microsoft Visual Studio Solution File, Format Version 12.00
# Visual Studio Version 16
VisualStudioVersion = 16.0.31613.86
MinimumVisualStudioVersion = 10.0.40219.1
Project("{888888A0-9F3D-457C-B088-3A5042F75D52}") = "spaCy_attempt", "spaCy_attempt.pyproj", "{275605F5-579C-459E-92CE-3E9EB8083E97}"
EndProject
Global
	GlobalSection(SolutionConfigurationPlatforms) = preSolution
		Debug|Any CPU = Debug|Any CPU
		Release|Any CPU = Release|Any CPU
	EndGlobalSection
	GlobalSection(ProjectConfigurationPlatforms) = postSolution
		{275605F5-579C-459E-92CE-3E9EB8083E97}.Debug|Any CPU.ActiveCfg = Debug|Any CPU
		{275605F5-579C-459E-92CE-3E9EB8083E97}.Release|Any CPU.ActiveCfg = Release|Any CPU
	EndGlobalSection
	GlobalSection(SolutionProperties) = preSolution
		HideSolutionNode = FALSE
	EndGlobalSection
	GlobalSection(ExtensibilityGlobals) = postSolution
		SolutionGuid = {619A5098-FD12-4E6D-AC4F-E0286B50514A}
	EndGlobalSection
EndGlobal
